
Microsoft Visual Studio Solution File, Format Version 12.00
# Visual Studio Version 17
VisualStudioVersion = 17.7.34031.279
MinimumVisualStudioVersion = 10.0.40219.1
Project("{FAE04EC0-301F-11D3-BF4B-00C04F79EFBC}") = "0.0.DataTransferLayer", "0.0.DataTransferLayer\0.0.DataTransferLayer.csproj", "{3D7609DE-FF24-414A-AF7A-0A9D67B2E2A4}"
EndProject
Project("{FAE04EC0-301F-11D3-BF4B-00C04F79EFBC}") = "1.0.HelpersLayer", "1.0.HelpersLayer\1.0.HelpersLayer.csproj", "{441FD98F-EDD2-47F7-83A9-D6DFFFE651F6}"
EndProject
Project("{FAE04EC0-301F-11D3-BF4B-00C04F79EFBC}") = "2.0.ServiceLayer", "2.0.ServiceLayer\2.0.ServiceLayer.csproj", "{23A86B35-415D-4C9F-97B8-C5332E6589A8}"
EndProject
Project("{FAE04EC0-301F-11D3-BF4B-00C04F79EFBC}") = "3.0.BusinessLayer", "3.0.BusinessLayer\3.0.BusinessLayer.csproj", "{5A1F2C14-A2F4-4583-9677-DE77340249B6}"
EndProject
Project("{FAE04EC0-301F-11D3-BF4B-00C04F79EFBC}") = "4.0.RepositoryLayer", "4.0.RepositoryLayer\4.0.RepositoryLayer.csproj", "{FF00C60E-7C24-4BE7-A012-7E5C29F095A9}"
EndProject
Project("{FAE04EC0-301F-11D3-BF4B-00C04F79EFBC}") = "5.0.DataAccessLayer", "5.0.DataAccessLayer\5.0.DataAccessLayer.csproj", "{C068FC53-6734-49C1-8AB3-57530EBDFD13}"
EndProject
Global
	GlobalSection(SolutionConfigurationPlatforms) = preSolution
		Debug|Any CPU = Debug|Any CPU
		Release|Any CPU = Release|Any CPU
	EndGlobalSection
	GlobalSection(ProjectConfigurationPlatforms) = postSolution
		{3D7609DE-FF24-414A-AF7A-0A9D67B2E2A4}.Debug|Any CPU.ActiveCfg = Debug|Any CPU
		{3D7609DE-FF24-414A-AF7A-0A9D67B2E2A4}.Debug|Any CPU.Build.0 = Debug|Any CPU
		{3D7609DE-FF24-414A-AF7A-0A9D67B2E2A4}.Release|Any CPU.ActiveCfg = Release|Any CPU
		{3D7609DE-FF24-414A-AF7A-0A9D67B2E2A4}.Release|Any CPU.Build.0 = Release|Any CPU
		{441FD98F-EDD2-47F7-83A9-D6DFFFE651F6}.Debug|Any CPU.ActiveCfg = Debug|Any CPU
		{441FD98F-EDD2-47F7-83A9-D6DFFFE651F6}.Debug|Any CPU.Build.0 = Debug|Any CPU
		{441FD98F-EDD2-47F7-83A9-D6DFFFE651F6}.Release|Any CPU.ActiveCfg = Release|Any CPU
		{441FD98F-EDD2-47F7-83A9-D6DFFFE651F6}.Release|Any CPU.Build.0 = Release|Any CPU
		{23A86B35-415D-4C9F-97B8-C5332E6589A8}.Debug|Any CPU.ActiveCfg = Debug|Any CPU
		{23A86B35-415D-4C9F-97B8-C5332E6589A8}.Debug|Any CPU.Build.0 = Debug|Any CPU
		{23A86B35-415D-4C9F-97B8-C5332E6589A8}.Release|Any CPU.ActiveCfg = Release|Any CPU
		{23A86B35-415D-4C9F-97B8-C5332E6589A8}.Release|Any CPU.Build.0 = Release|Any CPU
		{5A1F2C14-A2F4-4583-9677-DE77340249B6}.Debug|Any CPU.ActiveCfg = Debug|Any CPU
		{5A1F2C14-A2F4-4583-9677-DE77340249B6}.Debug|Any CPU.Build.0 = Debug|Any CPU
		{5A1F2C14-A2F4-4583-9677-DE77340249B6}.Release|Any CPU.ActiveCfg = Release|Any CPU
		{5A1F2C14-A2F4-4583-9677-DE77340249B6}.Release|Any CPU.Build.0 = Release|Any CPU
		{FF00C60E-7C24-4BE7-A012-7E5C29F095A9}.Debug|Any CPU.ActiveCfg = Debug|Any CPU
		{FF00C60E-7C24-4BE7-A012-7E5C29F095A9}.Debug|Any CPU.Build.0 = Debug|Any CPU
		{FF00C60E-7C24-4BE7-A012-7E5C29F095A9}.Release|Any CPU.ActiveCfg = Release|Any CPU
		{FF00C60E-7C24-4BE7-A012-7E5C29F095A9}.Release|Any CPU.Build.0 = Release|Any CPU
		{C068FC53-6734-49C1-8AB3-57530EBDFD13}.Debug|Any CPU.ActiveCfg = Debug|Any CPU
		{C068FC53-6734-49C1-8AB3-57530EBDFD13}.Debug|Any CPU.Build.0 = Debug|Any CPU
		{C068FC53-6734-49C1-8AB3-57530EBDFD13}.Release|Any CPU.ActiveCfg = Release|Any CPU
		{C068FC53-6734-49C1-8AB3-57530EBDFD13}.Release|Any CPU.Build.0 = Release|Any CPU
	EndGlobalSection
	GlobalSection(SolutionProperties) = preSolution
		HideSolutionNode = FALSE
	EndGlobalSection
	GlobalSection(ExtensibilityGlobals) = postSolution
		SolutionGuid = {0B211B84-1872-4B1A-9806-AD6A11D115E0}
	EndGlobalSection
EndGlobal
